
Microsoft Visual Studio Solution File, Format Version 12.00
# Visual Studio Version 16
VisualStudioVersion = 16.0.29009.5
MinimumVisualStudioVersion = 10.0.40219.1
Project("{FAE04EC0-301F-11D3-BF4B-00C04F79EFBC}") = "TotvsPrevent.Android", "TotvsPrevent\TotvsPrevent.Android\TotvsPrevent.Android.csproj", "{156A8478-671E-47DC-9D7C-DA587E442DBD}"
EndProject
Project("{FAE04EC0-301F-11D3-BF4B-00C04F79EFBC}") = "TotvsPrevent.iOS", "TotvsPrevent\TotvsPrevent.iOS\TotvsPrevent.iOS.csproj", "{9032192E-0731-48F2-8A40-5605BBC220D5}"
EndProject
Project("{9A19103F-16F7-4668-BE54-9A1E7A4F7556}") = "TotvsPrevent", "TotvsPrevent\TotvsPrevent\TotvsPrevent.csproj", "{945F3360-8756-4E08-A6B0-DA35FE1059B0}"
EndProject
Project("{9A19103F-16F7-4668-BE54-9A1E7A4F7556}") = "WebApi", "..\..\aspnet-core-jwt-authentication-api\WebApi.csproj", "{13BE2984-B97E-4054-8793-392A99766141}"
EndProject
Global
	GlobalSection(SolutionConfigurationPlatforms) = preSolution
		Debug|Any CPU = Debug|Any CPU
		Debug|iPhone = Debug|iPhone
		Debug|iPhoneSimulator = Debug|iPhoneSimulator
		Release|Any CPU = Release|Any CPU
		Release|iPhone = Release|iPhone
		Release|iPhoneSimulator = Release|iPhoneSimulator
	EndGlobalSection
	GlobalSection(ProjectConfigurationPlatforms) = postSolution
		{156A8478-671E-47DC-9D7C-DA587E442DBD}.Debug|Any CPU.ActiveCfg = Debug|Any CPU
		{156A8478-671E-47DC-9D7C-DA587E442DBD}.Debug|Any CPU.Build.0 = Debug|Any CPU
		{156A8478-671E-47DC-9D7C-DA587E442DBD}.Debug|Any CPU.Deploy.0 = Debug|Any CPU
		{156A8478-671E-47DC-9D7C-DA587E442DBD}.Debug|iPhone.ActiveCfg = Debug|Any CPU
		{156A8478-671E-47DC-9D7C-DA587E442DBD}.Debug|iPhone.Build.0 = Debug|Any CPU
		{156A8478-671E-47DC-9D7C-DA587E442DBD}.Debug|iPhone.Deploy.0 = Debug|Any CPU
		{156A8478-671E-47DC-9D7C-DA587E442DBD}.Debug|iPhoneSimulator.ActiveCfg = Debug|Any CPU
		{156A8478-671E-47DC-9D7C-DA587E442DBD}.Debug|iPhoneSimulator.Build.0 = Debug|Any CPU
		{156A8478-671E-47DC-9D7C-DA587E442DBD}.Debug|iPhoneSimulator.Deploy.0 = Debug|Any CPU
		{156A8478-671E-47DC-9D7C-DA587E442DBD}.Release|Any CPU.ActiveCfg = Release|Any CPU
		{156A8478-671E-47DC-9D7C-DA587E442DBD}.Release|Any CPU.Build.0 = Release|Any CPU
		{156A8478-671E-47DC-9D7C-DA587E442DBD}.Release|Any CPU.Deploy.0 = Release|Any CPU
		{156A8478-671E-47DC-9D7C-DA587E442DBD}.Release|iPhone.ActiveCfg = Release|Any CPU
		{156A8478-671E-47DC-9D7C-DA587E442DBD}.Release|iPhone.Build.0 = Release|Any CPU
		{156A8478-671E-47DC-9D7C-DA587E442DBD}.Release|iPhone.Deploy.0 = Release|Any CPU
		{156A8478-671E-47DC-9D7C-DA587E442DBD}.Release|iPhoneSimulator.ActiveCfg = Release|Any CPU
		{156A8478-671E-47DC-9D7C-DA587E442DBD}.Release|iPhoneSimulator.Build.0 = Release|Any CPU
		{156A8478-671E-47DC-9D7C-DA587E442DBD}.Release|iPhoneSimulator.Deploy.0 = Release|Any CPU
		{9032192E-0731-48F2-8A40-5605BBC220D5}.Debug|Any CPU.ActiveCfg = Debug|iPhoneSimulator
		{9032192E-0731-48F2-8A40-5605BBC220D5}.Debug|Any CPU.Build.0 = Debug|iPhoneSimulator
		{9032192E-0731-48F2-8A40-5605BBC220D5}.Debug|Any CPU.Deploy.0 = Debug|iPhoneSimulator
		{9032192E-0731-48F2-8A40-5605BBC220D5}.Debug|iPhone.ActiveCfg = Debug|iPhone
		{9032192E-0731-48F2-8A40-5605BBC220D5}.Debug|iPhone.Build.0 = Debug|iPhone
		{9032192E-0731-48F2-8A40-5605BBC220D5}.Debug|iPhone.Deploy.0 = Debug|iPhone
		{9032192E-0731-48F2-8A40-5605BBC220D5}.Debug|iPhoneSimulator.ActiveCfg = Debug|iPhoneSimulator
		{9032192E-0731-48F2-8A40-5605BBC220D5}.Debug|iPhoneSimulator.Build.0 = Debug|iPhoneSimulator
		{9032192E-0731-48F2-8A40-5605BBC220D5}.Debug|iPhoneSimulator.Deploy.0 = Debug|iPhoneSimulator
		{9032192E-0731-48F2-8A40-5605BBC220D5}.Release|Any CPU.ActiveCfg = Release|iPhone
		{9032192E-0731-48F2-8A40-5605BBC220D5}.Release|Any CPU.Build.0 = Release|iPhone
		{9032192E-0731-48F2-8A40-5605BBC220D5}.Release|Any CPU.Deploy.0 = Release|iPhone
		{9032192E-0731-48F2-8A40-5605BBC220D5}.Release|iPhone.ActiveCfg = Release|iPhone
		{9032192E-0731-48F2-8A40-5605BBC220D5}.Release|iPhone.Build.0 = Release|iPhone
		{9032192E-0731-48F2-8A40-5605BBC220D5}.Release|iPhone.Deploy.0 = Release|iPhone
		{9032192E-0731-48F2-8A40-5605BBC220D5}.Release|iPhoneSimulator.ActiveCfg = Release|iPhoneSimulator
		{9032192E-0731-48F2-8A40-5605BBC220D5}.Release|iPhoneSimulator.Build.0 = Release|iPhoneSimulator
		{9032192E-0731-48F2-8A40-5605BBC220D5}.Release|iPhoneSimulator.Deploy.0 = Release|iPhoneSimulator
		{945F3360-8756-4E08-A6B0-DA35FE1059B0}.Debug|Any CPU.ActiveCfg = Debug|Any CPU
		{945F3360-8756-4E08-A6B0-DA35FE1059B0}.Debug|Any CPU.Build.0 = Debug|Any CPU
		{945F3360-8756-4E08-A6B0-DA35FE1059B0}.Debug|Any CPU.Deploy.0 = Debug|Any CPU
		{945F3360-8756-4E08-A6B0-DA35FE1059B0}.Debug|iPhone.ActiveCfg = Debug|Any CPU
		{945F3360-8756-4E08-A6B0-DA35FE1059B0}.Debug|iPhone.Build.0 = Debug|Any CPU
		{945F3360-8756-4E08-A6B0-DA35FE1059B0}.Debug|iPhone.Deploy.0 = Debug|Any CPU
		{945F3360-8756-4E08-A6B0-DA35FE1059B0}.Debug|iPhoneSimulator.ActiveCfg = Debug|Any CPU
		{945F3360-8756-4E08-A6B0-DA35FE1059B0}.Debug|iPhoneSimulator.Build.0 = Debug|Any CPU
		{945F3360-8756-4E08-A6B0-DA35FE1059B0}.Debug|iPhoneSimulator.Deploy.0 = Debug|Any CPU
		{945F3360-8756-4E08-A6B0-DA35FE1059B0}.Release|Any CPU.ActiveCfg = Release|Any CPU
		{945F3360-8756-4E08-A6B0-DA35FE1059B0}.Release|Any CPU.Build.0 = Release|Any CPU
		{945F3360-8756-4E08-A6B0-DA35FE1059B0}.Release|Any CPU.Deploy.0 = Release|Any CPU
		{945F3360-8756-4E08-A6B0-DA35FE1059B0}.Release|iPhone.ActiveCfg = Release|Any CPU
		{945F3360-8756-4E08-A6B0-DA35FE1059B0}.Release|iPhone.Build.0 = Release|Any CPU
		{945F3360-8756-4E08-A6B0-DA35FE1059B0}.Release|iPhone.Deploy.0 = Release|Any CPU
		{945F3360-8756-4E08-A6B0-DA35FE1059B0}.Release|iPhoneSimulator.ActiveCfg = Release|Any CPU
		{945F3360-8756-4E08-A6B0-DA35FE1059B0}.Release|iPhoneSimulator.Build.0 = Release|Any CPU
		{945F3360-8756-4E08-A6B0-DA35FE1059B0}.Release|iPhoneSimulator.Deploy.0 = Release|Any CPU
		{13BE2984-B97E-4054-8793-392A99766141}.Debug|Any CPU.ActiveCfg = Debug|Any CPU
		{13BE2984-B97E-4054-8793-392A99766141}.Debug|Any CPU.Build.0 = Debug|Any CPU
		{13BE2984-B97E-4054-8793-392A99766141}.Debug|iPhone.ActiveCfg = Debug|Any CPU
		{13BE2984-B97E-4054-8793-392A99766141}.Debug|iPhone.Build.0 = Debug|Any CPU
		{13BE2984-B97E-4054-8793-392A99766141}.Debug|iPhoneSimulator.ActiveCfg = Debug|Any CPU
		{13BE2984-B97E-4054-8793-392A99766141}.Debug|iPhoneSimulator.Build.0 = Debug|Any CPU
		{13BE2984-B97E-4054-8793-392A99766141}.Release|Any CPU.ActiveCfg = Release|Any CPU
		{13BE2984-B97E-4054-8793-392A99766141}.Release|Any CPU.Build.0 = Release|Any CPU
		{13BE2984-B97E-4054-8793-392A99766141}.Release|iPhone.ActiveCfg = Release|Any CPU
		{13BE2984-B97E-4054-8793-392A99766141}.Release|iPhone.Build.0 = Release|Any CPU
		{13BE2984-B97E-4054-8793-392A99766141}.Release|iPhoneSimulator.ActiveCfg = Release|Any CPU
		{13BE2984-B97E-4054-8793-392A99766141}.Release|iPhoneSimulator.Build.0 = Release|Any CPU
	EndGlobalSection
	GlobalSection(SolutionProperties) = preSolution
		HideSolutionNode = FALSE
	EndGlobalSection
	GlobalSection(ExtensibilityGlobals) = postSolution
		SolutionGuid = {117280E9-9D5B-4195-BB9A-DD8F5A400746}
	EndGlobalSection
EndGlobal
